
Microsoft Visual Studio Solution File, Format Version 12.00
# Visual Studio Version 17
VisualStudioVersion = 17.0.31903.59
MinimumVisualStudioVersion = 10.0.40219.1
Project("{2150E333-8FDC-42A3-9474-1A3956D46DE8}") = "src", "src", "{827E0CD3-B72D-47B6-A68D-7590B98EB39B}"
EndProject
Project("{FAE04EC0-301F-11D3-BF4B-00C04F79EFBC}") = "TodoApp.Domain", "src\TodoApp.Domain\TodoApp.Domain.csproj", "{700ED6C3-D947-44C4-986C-04421FA2BC9C}"
EndProject
Project("{FAE04EC0-301F-11D3-BF4B-00C04F79EFBC}") = "TodoApp.Application", "src\TodoApp.Application\TodoApp.Application.csproj", "{EFDF0D6C-93F1-439F-B1C4-9FE4D9D46E23}"
EndProject
Project("{FAE04EC0-301F-11D3-BF4B-00C04F79EFBC}") = "TodoApp.Infrastructure", "src\TodoApp.Infrastructure\TodoApp.Infrastructure.csproj", "{F0BF404B-A4CE-4B25-844E-77AB385A3F48}"
EndProject
Project("{FAE04EC0-301F-11D3-BF4B-00C04F79EFBC}") = "TodoApp.WebApi", "src\TodoApp.WebApi\TodoApp.WebApi.csproj", "{28BE056A-648C-4ED1-9B00-B4909F6E38D3}"
EndProject
Project("{2150E333-8FDC-42A3-9474-1A3956D46DE8}") = "tests", "tests", "{0AB3BF05-4346-4AA6-1389-037BE0695223}"
EndProject
Project("{FAE04EC0-301F-11D3-BF4B-00C04F79EFBC}") = "TodoApp.UnitTests", "tests\TodoApp.UnitTests\TodoApp.UnitTests.csproj", "{946CA542-832B-4DD7-8E95-40ABE7A90C89}"
EndProject
Project("{FAE04EC0-301F-11D3-BF4B-00C04F79EFBC}") = "TodoApp.IntegrationTests", "tests\TodoApp.IntegrationTests\TodoApp.IntegrationTests.csproj", "{E8BB17B2-E007-448C-BA6C-69C773A69D0C}"
EndProject
Global
	GlobalSection(SolutionConfigurationPlatforms) = preSolution
		Debug|Any CPU = Debug|Any CPU
		Debug|x64 = Debug|x64
		Debug|x86 = Debug|x86
		Release|Any CPU = Release|Any CPU
		Release|x64 = Release|x64
		Release|x86 = Release|x86
	EndGlobalSection
	GlobalSection(ProjectConfigurationPlatforms) = postSolution
		{700ED6C3-D947-44C4-986C-04421FA2BC9C}.Debug|Any CPU.ActiveCfg = Debug|Any CPU
		{700ED6C3-D947-44C4-986C-04421FA2BC9C}.Debug|Any CPU.Build.0 = Debug|Any CPU
		{700ED6C3-D947-44C4-986C-04421FA2BC9C}.Debug|x64.ActiveCfg = Debug|Any CPU
		{700ED6C3-D947-44C4-986C-04421FA2BC9C}.Debug|x64.Build.0 = Debug|Any CPU
		{700ED6C3-D947-44C4-986C-04421FA2BC9C}.Debug|x86.ActiveCfg = Debug|Any CPU
		{700ED6C3-D947-44C4-986C-04421FA2BC9C}.Debug|x86.Build.0 = Debug|Any CPU
		{700ED6C3-D947-44C4-986C-04421FA2BC9C}.Release|Any CPU.ActiveCfg = Release|Any CPU
		{700ED6C3-D947-44C4-986C-04421FA2BC9C}.Release|Any CPU.Build.0 = Release|Any CPU
		{700ED6C3-D947-44C4-986C-04421FA2BC9C}.Release|x64.ActiveCfg = Release|Any CPU
		{700ED6C3-D947-44C4-986C-04421FA2BC9C}.Release|x64.Build.0 = Release|Any CPU
		{700ED6C3-D947-44C4-986C-04421FA2BC9C}.Release|x86.ActiveCfg = Release|Any CPU
		{700ED6C3-D947-44C4-986C-04421FA2BC9C}.Release|x86.Build.0 = Release|Any CPU
		{EFDF0D6C-93F1-439F-B1C4-9FE4D9D46E23}.Debug|Any CPU.ActiveCfg = Debug|Any CPU
		{EFDF0D6C-93F1-439F-B1C4-9FE4D9D46E23}.Debug|Any CPU.Build.0 = Debug|Any CPU
		{EFDF0D6C-93F1-439F-B1C4-9FE4D9D46E23}.Debug|x64.ActiveCfg = Debug|Any CPU
		{EFDF0D6C-93F1-439F-B1C4-9FE4D9D46E23}.Debug|x64.Build.0 = Debug|Any CPU
		{EFDF0D6C-93F1-439F-B1C4-9FE4D9D46E23}.Debug|x86.ActiveCfg = Debug|Any CPU
		{EFDF0D6C-93F1-439F-B1C4-9FE4D9D46E23}.Debug|x86.Build.0 = Debug|Any CPU
		{EFDF0D6C-93F1-439F-B1C4-9FE4D9D46E23}.Release|Any CPU.ActiveCfg = Release|Any CPU
		{EFDF0D6C-93F1-439F-B1C4-9FE4D9D46E23}.Release|Any CPU.Build.0 = Release|Any CPU
		{EFDF0D6C-93F1-439F-B1C4-9FE4D9D46E23}.Release|x64.ActiveCfg = Release|Any CPU
		{EFDF0D6C-93F1-439F-B1C4-9FE4D9D46E23}.Release|x64.Build.0 = Release|Any CPU
		{EFDF0D6C-93F1-439F-B1C4-9FE4D9D46E23}.Release|x86.ActiveCfg = Release|Any CPU
		{EFDF0D6C-93F1-439F-B1C4-9FE4D9D46E23}.Release|x86.Build.0 = Release|Any CPU
		{F0BF404B-A4CE-4B25-844E-77AB385A3F48}.Debug|Any CPU.ActiveCfg = Debug|Any CPU
		{F0BF404B-A4CE-4B25-844E-77AB385A3F48}.Debug|Any CPU.Build.0 = Debug|Any CPU
		{F0BF404B-A4CE-4B25-844E-77AB385A3F48}.Debug|x64.ActiveCfg = Debug|Any CPU
		{F0BF404B-A4CE-4B25-844E-77AB385A3F48}.Debug|x64.Build.0 = Debug|Any CPU
		{F0BF404B-A4CE-4B25-844E-77AB385A3F48}.Debug|x86.ActiveCfg = Debug|Any CPU
		{F0BF404B-A4CE-4B25-844E-77AB385A3F48}.Debug|x86.Build.0 = Debug|Any CPU
		{F0BF404B-A4CE-4B25-844E-77AB385A3F48}.Release|Any CPU.ActiveCfg = Release|Any CPU
		{F0BF404B-A4CE-4B25-844E-77AB385A3F48}.Release|Any CPU.Build.0 = Release|Any CPU
		{F0BF404B-A4CE-4B25-844E-77AB385A3F48}.Release|x64.ActiveCfg = Release|Any CPU
		{F0BF404B-A4CE-4B25-844E-77AB385A3F48}.Release|x64.Build.0 = Release|Any CPU
		{F0BF404B-A4CE-4B25-844E-77AB385A3F48}.Release|x86.ActiveCfg = Release|Any CPU
		{F0BF404B-A4CE-4B25-844E-77AB385A3F48}.Release|x86.Build.0 = Release|Any CPU
		{28BE056A-648C-4ED1-9B00-B4909F6E38D3}.Debug|Any CPU.ActiveCfg = Debug|Any CPU
		{28BE056A-648C-4ED1-9B00-B4909F6E38D3}.Debug|Any CPU.Build.0 = Debug|Any CPU
		{28BE056A-648C-4ED1-9B00-B4909F6E38D3}.Debug|x64.ActiveCfg = Debug|Any CPU
		{28BE056A-648C-4ED1-9B00-B4909F6E38D3}.Debug|x64.Build.0 = Debug|Any CPU
		{28BE056A-648C-4ED1-9B00-B4909F6E38D3}.Debug|x86.ActiveCfg = Debug|Any CPU
		{28BE056A-648C-4ED1-9B00-B4909F6E38D3}.Debug|x86.Build.0 = Debug|Any CPU
		{28BE056A-648C-4ED1-9B00-B4909F6E38D3}.Release|Any CPU.ActiveCfg = Release|Any CPU
		{28BE056A-648C-4ED1-9B00-B4909F6E38D3}.Release|Any CPU.Build.0 = Release|Any CPU
		{28BE056A-648C-4ED1-9B00-B4909F6E38D3}.Release|x64.ActiveCfg = Release|Any CPU
		{28BE056A-648C-4ED1-9B00-B4909F6E38D3}.Release|x64.Build.0 = Release|Any CPU
		{28BE056A-648C-4ED1-9B00-B4909F6E38D3}.Release|x86.ActiveCfg = Release|Any CPU
		{28BE056A-648C-4ED1-9B00-B4909F6E38D3}.Release|x86.Build.0 = Release|Any CPU
		{946CA542-832B-4DD7-8E95-40ABE7A90C89}.Debug|Any CPU.ActiveCfg = Debug|Any CPU
		{946CA542-832B-4DD7-8E95-40ABE7A90C89}.Debug|Any CPU.Build.0 = Debug|Any CPU
		{946CA542-832B-4DD7-8E95-40ABE7A90C89}.Debug|x64.ActiveCfg = Debug|Any CPU
		{946CA542-832B-4DD7-8E95-40ABE7A90C89}.Debug|x64.Build.0 = Debug|Any CPU
		{946CA542-832B-4DD7-8E95-40ABE7A90C89}.Debug|x86.ActiveCfg = Debug|Any CPU
		{946CA542-832B-4DD7-8E95-40ABE7A90C89}.Debug|x86.Build.0 = Debug|Any CPU
		{946CA542-832B-4DD7-8E95-40ABE7A90C89}.Release|Any CPU.ActiveCfg = Release|Any CPU
		{946CA542-832B-4DD7-8E95-40ABE7A90C89}.Release|Any CPU.Build.0 = Release|Any CPU
		{946CA542-832B-4DD7-8E95-40ABE7A90C89}.Release|x64.ActiveCfg = Release|Any CPU
		{946CA542-832B-4DD7-8E95-40ABE7A90C89}.Release|x64.Build.0 = Release|Any CPU
		{946CA542-832B-4DD7-8E95-40ABE7A90C89}.Release|x86.ActiveCfg = Release|Any CPU
		{946CA542-832B-4DD7-8E95-40ABE7A90C89}.Release|x86.Build.0 = Release|Any CPU
		{E8BB17B2-E007-448C-BA6C-69C773A69D0C}.Debug|Any CPU.ActiveCfg = Debug|Any CPU
		{E8BB17B2-E007-448C-BA6C-69C773A69D0C}.Debug|Any CPU.Build.0 = Debug|Any CPU
		{E8BB17B2-E007-448C-BA6C-69C773A69D0C}.Debug|x64.ActiveCfg = Debug|Any CPU
		{E8BB17B2-E007-448C-BA6C-69C773A69D0C}.Debug|x64.Build.0 = Debug|Any CPU
		{E8BB17B2-E007-448C-BA6C-69C773A69D0C}.Debug|x86.ActiveCfg = Debug|Any CPU
		{E8BB17B2-E007-448C-BA6C-69C773A69D0C}.Debug|x86.Build.0 = Debug|Any CPU
		{E8BB17B2-E007-448C-BA6C-69C773A69D0C}.Release|Any CPU.ActiveCfg = Release|Any CPU
		{E8BB17B2-E007-448C-BA6C-69C773A69D0C}.Release|Any CPU.Build.0 = Release|Any CPU
		{E8BB17B2-E007-448C-BA6C-69C773A69D0C}.Release|x64.ActiveCfg = Release|Any CPU
		{E8BB17B2-E007-448C-BA6C-69C773A69D0C}.Release|x64.Build.0 = Release|Any CPU
		{E8BB17B2-E007-448C-BA6C-69C773A69D0C}.Release|x86.ActiveCfg = Release|Any CPU
		{E8BB17B2-E007-448C-BA6C-69C773A69D0C}.Release|x86.Build.0 = Release|Any CPU
	EndGlobalSection
	GlobalSection(SolutionProperties) = preSolution
		HideSolutionNode = FALSE
	EndGlobalSection
	GlobalSection(NestedProjects) = preSolution
		{700ED6C3-D947-44C4-986C-04421FA2BC9C} = {827E0CD3-B72D-47B6-A68D-7590B98EB39B}
		{EFDF0D6C-93F1-439F-B1C4-9FE4D9D46E23} = {827E0CD3-B72D-47B6-A68D-7590B98EB39B}
		{F0BF404B-A4CE-4B25-844E-77AB385A3F48} = {827E0CD3-B72D-47B6-A68D-7590B98EB39B}
		{28BE056A-648C-4ED1-9B00-B4909F6E38D3} = {827E0CD3-B72D-47B6-A68D-7590B98EB39B}
		{946CA542-832B-4DD7-8E95-40ABE7A90C89} = {0AB3BF05-4346-4AA6-1389-037BE0695223}
		{E8BB17B2-E007-448C-BA6C-69C773A69D0C} = {0AB3BF05-4346-4AA6-1389-037BE0695223}
	EndGlobalSection
EndGlobal
